
Microsoft Visual Studio Solution File, Format Version 12.00
Project("{2150E333-8FDC-42A3-9474-1A3956D46DE8}") = "Sqs", "Sqs", "{0A60A498-B0D5-446D-9C8C-7C11FCE89285}"
EndProject
Project("{FAE04EC0-301F-11D3-BF4B-00C04F79EFBC}") = "SqsPublisher", "SqsPublisher\SqsPublisher.csproj", "{6679DD4F-688C-4696-AD3E-63A49F7BF325}"
EndProject
Project("{FAE04EC0-301F-11D3-BF4B-00C04F79EFBC}") = "SqsConsumer", "SqsConsumer\SqsConsumer.csproj", "{8255ABAF-9677-4A17-AAA3-3D40B362ACE9}"
EndProject
Project("{FAE04EC0-301F-11D3-BF4B-00C04F79EFBC}") = "Customers.Api", "Customers.Api\Customers.Api.csproj", "{423C72E9-13D1-43BD-98A3-94AECD6DC52F}"
EndProject
Project("{FAE04EC0-301F-11D3-BF4B-00C04F79EFBC}") = "Customers.Consumer", "Customers.Consumer\Customers.Consumer.csproj", "{997F1888-AB05-4DF0-88EC-E82AF5AEEC39}"
EndProject
Project("{2150E333-8FDC-42A3-9474-1A3956D46DE8}") = "Sns", "Sns", "{DDDF19D8-A2E3-417C-80DE-1E1A0FE8C68D}"
EndProject
Project("{FAE04EC0-301F-11D3-BF4B-00C04F79EFBC}") = "SnsPublisher", "SnsPublisher\SnsPublisher.csproj", "{07A112E8-A02D-4A11-8F4B-3860274934DC}"
EndProject
Project("{FAE04EC0-301F-11D3-BF4B-00C04F79EFBC}") = "SnsConsumer", "SnsConsumer\SnsConsumer.csproj", "{5D9D5DE1-AB21-4BAD-9093-44AA81534167}"
EndProject
Project("{FAE04EC0-301F-11D3-BF4B-00C04F79EFBC}") = "Customers.Api_Sns", "Customers.Api_Sns\Customers.Api_Sns.csproj", "{7558C574-7058-4396-BD90-7B1443FB6D29}"
EndProject
Project("{FAE04EC0-301F-11D3-BF4B-00C04F79EFBC}") = "Customers.Consumer_Sns", "Customers.Consumer_Sns\Customers.Consumer_Sns.csproj", "{C087761B-79BB-42A2-A62C-DA87B7E0FF63}"
EndProject
Project("{2150E333-8FDC-42A3-9474-1A3956D46DE8}") = "DynamoDb", "DynamoDb", "{FA5C22CE-427F-487A-B21E-C2CFEA5A40DF}"
EndProject
Project("{FAE04EC0-301F-11D3-BF4B-00C04F79EFBC}") = "Customers.Api_DynamoDb", "Customers.Api_DynamoDb\Customers.Api_DynamoDb.csproj", "{4525061F-E194-422A-AFCC-48E3B7D3222D}"
EndProject
Project("{FAE04EC0-301F-11D3-BF4B-00C04F79EFBC}") = "Movies.Api", "Movies.Api\Movies.Api.csproj", "{412FFBB7-EC98-4442-8C07-D975BC06144F}"
EndProject
Global
	GlobalSection(SolutionConfigurationPlatforms) = preSolution
		Debug|Any CPU = Debug|Any CPU
		Release|Any CPU = Release|Any CPU
	EndGlobalSection
	GlobalSection(NestedProjects) = preSolution
		{6679DD4F-688C-4696-AD3E-63A49F7BF325} = {0A60A498-B0D5-446D-9C8C-7C11FCE89285}
		{8255ABAF-9677-4A17-AAA3-3D40B362ACE9} = {0A60A498-B0D5-446D-9C8C-7C11FCE89285}
		{423C72E9-13D1-43BD-98A3-94AECD6DC52F} = {0A60A498-B0D5-446D-9C8C-7C11FCE89285}
		{997F1888-AB05-4DF0-88EC-E82AF5AEEC39} = {0A60A498-B0D5-446D-9C8C-7C11FCE89285}
		{07A112E8-A02D-4A11-8F4B-3860274934DC} = {DDDF19D8-A2E3-417C-80DE-1E1A0FE8C68D}
		{5D9D5DE1-AB21-4BAD-9093-44AA81534167} = {DDDF19D8-A2E3-417C-80DE-1E1A0FE8C68D}
		{7558C574-7058-4396-BD90-7B1443FB6D29} = {DDDF19D8-A2E3-417C-80DE-1E1A0FE8C68D}
		{C087761B-79BB-42A2-A62C-DA87B7E0FF63} = {DDDF19D8-A2E3-417C-80DE-1E1A0FE8C68D}
		{4525061F-E194-422A-AFCC-48E3B7D3222D} = {FA5C22CE-427F-487A-B21E-C2CFEA5A40DF}
		{412FFBB7-EC98-4442-8C07-D975BC06144F} = {FA5C22CE-427F-487A-B21E-C2CFEA5A40DF}
	EndGlobalSection
	GlobalSection(ProjectConfigurationPlatforms) = postSolution
		{6679DD4F-688C-4696-AD3E-63A49F7BF325}.Debug|Any CPU.ActiveCfg = Debug|Any CPU
		{6679DD4F-688C-4696-AD3E-63A49F7BF325}.Debug|Any CPU.Build.0 = Debug|Any CPU
		{6679DD4F-688C-4696-AD3E-63A49F7BF325}.Release|Any CPU.ActiveCfg = Release|Any CPU
		{6679DD4F-688C-4696-AD3E-63A49F7BF325}.Release|Any CPU.Build.0 = Release|Any CPU
		{8255ABAF-9677-4A17-AAA3-3D40B362ACE9}.Debug|Any CPU.ActiveCfg = Debug|Any CPU
		{8255ABAF-9677-4A17-AAA3-3D40B362ACE9}.Debug|Any CPU.Build.0 = Debug|Any CPU
		{8255ABAF-9677-4A17-AAA3-3D40B362ACE9}.Release|Any CPU.ActiveCfg = Release|Any CPU
		{8255ABAF-9677-4A17-AAA3-3D40B362ACE9}.Release|Any CPU.Build.0 = Release|Any CPU
		{423C72E9-13D1-43BD-98A3-94AECD6DC52F}.Debug|Any CPU.ActiveCfg = Debug|Any CPU
		{423C72E9-13D1-43BD-98A3-94AECD6DC52F}.Debug|Any CPU.Build.0 = Debug|Any CPU
		{423C72E9-13D1-43BD-98A3-94AECD6DC52F}.Release|Any CPU.ActiveCfg = Release|Any CPU
		{423C72E9-13D1-43BD-98A3-94AECD6DC52F}.Release|Any CPU.Build.0 = Release|Any CPU
		{997F1888-AB05-4DF0-88EC-E82AF5AEEC39}.Debug|Any CPU.ActiveCfg = Debug|Any CPU
		{997F1888-AB05-4DF0-88EC-E82AF5AEEC39}.Debug|Any CPU.Build.0 = Debug|Any CPU
		{997F1888-AB05-4DF0-88EC-E82AF5AEEC39}.Release|Any CPU.ActiveCfg = Release|Any CPU
		{997F1888-AB05-4DF0-88EC-E82AF5AEEC39}.Release|Any CPU.Build.0 = Release|Any CPU
		{07A112E8-A02D-4A11-8F4B-3860274934DC}.Debug|Any CPU.ActiveCfg = Debug|Any CPU
		{07A112E8-A02D-4A11-8F4B-3860274934DC}.Debug|Any CPU.Build.0 = Debug|Any CPU
		{07A112E8-A02D-4A11-8F4B-3860274934DC}.Release|Any CPU.ActiveCfg = Release|Any CPU
		{07A112E8-A02D-4A11-8F4B-3860274934DC}.Release|Any CPU.Build.0 = Release|Any CPU
		{5D9D5DE1-AB21-4BAD-9093-44AA81534167}.Debug|Any CPU.ActiveCfg = Debug|Any CPU
		{5D9D5DE1-AB21-4BAD-9093-44AA81534167}.Debug|Any CPU.Build.0 = Debug|Any CPU
		{5D9D5DE1-AB21-4BAD-9093-44AA81534167}.Release|Any CPU.ActiveCfg = Release|Any CPU
		{5D9D5DE1-AB21-4BAD-9093-44AA81534167}.Release|Any CPU.Build.0 = Release|Any CPU
		{7558C574-7058-4396-BD90-7B1443FB6D29}.Debug|Any CPU.ActiveCfg = Debug|Any CPU
		{7558C574-7058-4396-BD90-7B1443FB6D29}.Debug|Any CPU.Build.0 = Debug|Any CPU
		{7558C574-7058-4396-BD90-7B1443FB6D29}.Release|Any CPU.ActiveCfg = Release|Any CPU
		{7558C574-7058-4396-BD90-7B1443FB6D29}.Release|Any CPU.Build.0 = Release|Any CPU
		{C087761B-79BB-42A2-A62C-DA87B7E0FF63}.Debug|Any CPU.ActiveCfg = Debug|Any CPU
		{C087761B-79BB-42A2-A62C-DA87B7E0FF63}.Debug|Any CPU.Build.0 = Debug|Any CPU
		{C087761B-79BB-42A2-A62C-DA87B7E0FF63}.Release|Any CPU.ActiveCfg = Release|Any CPU
		{C087761B-79BB-42A2-A62C-DA87B7E0FF63}.Release|Any CPU.Build.0 = Release|Any CPU
		{4525061F-E194-422A-AFCC-48E3B7D3222D}.Debug|Any CPU.ActiveCfg = Debug|Any CPU
		{4525061F-E194-422A-AFCC-48E3B7D3222D}.Debug|Any CPU.Build.0 = Debug|Any CPU
		{4525061F-E194-422A-AFCC-48E3B7D3222D}.Release|Any CPU.ActiveCfg = Release|Any CPU
		{4525061F-E194-422A-AFCC-48E3B7D3222D}.Release|Any CPU.Build.0 = Release|Any CPU
		{412FFBB7-EC98-4442-8C07-D975BC06144F}.Debug|Any CPU.ActiveCfg = Debug|Any CPU
		{412FFBB7-EC98-4442-8C07-D975BC06144F}.Debug|Any CPU.Build.0 = Debug|Any CPU
		{412FFBB7-EC98-4442-8C07-D975BC06144F}.Release|Any CPU.ActiveCfg = Release|Any CPU
		{412FFBB7-EC98-4442-8C07-D975BC06144F}.Release|Any CPU.Build.0 = Release|Any CPU
	EndGlobalSection
EndGlobal
