
Microsoft Visual Studio Solution File, Format Version 12.00
Project("{2150E333-8FDC-42A3-9474-1A3956D46DE8}") = "Sqs", "Sqs", "{0A60A498-B0D5-446D-9C8C-7C11FCE89285}"
EndProject
Project("{FAE04EC0-301F-11D3-BF4B-00C04F79EFBC}") = "SqsPublisher", "SqsPublisher\SqsPublisher.csproj", "{6679DD4F-688C-4696-AD3E-63A49F7BF325}"
EndProject
Project("{FAE04EC0-301F-11D3-BF4B-00C04F79EFBC}") = "SqsConsumer", "SqsConsumer\SqsConsumer.csproj", "{8255ABAF-9677-4A17-AAA3-3D40B362ACE9}"
EndProject
Project("{FAE04EC0-301F-11D3-BF4B-00C04F79EFBC}") = "Customers.Api", "Customers.Api\Customers.Api.csproj", "{423C72E9-13D1-43BD-98A3-94AECD6DC52F}"
EndProject
Project("{FAE04EC0-301F-11D3-BF4B-00C04F79EFBC}") = "Customers.Consumer", "Customers.Consumer\Customers.Consumer.csproj", "{997F1888-AB05-4DF0-88EC-E82AF5AEEC39}"
EndProject
Global
	GlobalSection(SolutionConfigurationPlatforms) = preSolution
		Debug|Any CPU = Debug|Any CPU
		Release|Any CPU = Release|Any CPU
	EndGlobalSection
	GlobalSection(NestedProjects) = preSolution
		{6679DD4F-688C-4696-AD3E-63A49F7BF325} = {0A60A498-B0D5-446D-9C8C-7C11FCE89285}
		{8255ABAF-9677-4A17-AAA3-3D40B362ACE9} = {0A60A498-B0D5-446D-9C8C-7C11FCE89285}
		{423C72E9-13D1-43BD-98A3-94AECD6DC52F} = {0A60A498-B0D5-446D-9C8C-7C11FCE89285}
		{997F1888-AB05-4DF0-88EC-E82AF5AEEC39} = {0A60A498-B0D5-446D-9C8C-7C11FCE89285}
	EndGlobalSection
	GlobalSection(ProjectConfigurationPlatforms) = postSolution
		{6679DD4F-688C-4696-AD3E-63A49F7BF325}.Debug|Any CPU.ActiveCfg = Debug|Any CPU
		{6679DD4F-688C-4696-AD3E-63A49F7BF325}.Debug|Any CPU.Build.0 = Debug|Any CPU
		{6679DD4F-688C-4696-AD3E-63A49F7BF325}.Release|Any CPU.ActiveCfg = Release|Any CPU
		{6679DD4F-688C-4696-AD3E-63A49F7BF325}.Release|Any CPU.Build.0 = Release|Any CPU
		{8255ABAF-9677-4A17-AAA3-3D40B362ACE9}.Debug|Any CPU.ActiveCfg = Debug|Any CPU
		{8255ABAF-9677-4A17-AAA3-3D40B362ACE9}.Debug|Any CPU.Build.0 = Debug|Any CPU
		{8255ABAF-9677-4A17-AAA3-3D40B362ACE9}.Release|Any CPU.ActiveCfg = Release|Any CPU
		{8255ABAF-9677-4A17-AAA3-3D40B362ACE9}.Release|Any CPU.Build.0 = Release|Any CPU
		{423C72E9-13D1-43BD-98A3-94AECD6DC52F}.Debug|Any CPU.ActiveCfg = Debug|Any CPU
		{423C72E9-13D1-43BD-98A3-94AECD6DC52F}.Debug|Any CPU.Build.0 = Debug|Any CPU
		{423C72E9-13D1-43BD-98A3-94AECD6DC52F}.Release|Any CPU.ActiveCfg = Release|Any CPU
		{423C72E9-13D1-43BD-98A3-94AECD6DC52F}.Release|Any CPU.Build.0 = Release|Any CPU
		{997F1888-AB05-4DF0-88EC-E82AF5AEEC39}.Debug|Any CPU.ActiveCfg = Debug|Any CPU
		{997F1888-AB05-4DF0-88EC-E82AF5AEEC39}.Debug|Any CPU.Build.0 = Debug|Any CPU
		{997F1888-AB05-4DF0-88EC-E82AF5AEEC39}.Release|Any CPU.ActiveCfg = Release|Any CPU
		{997F1888-AB05-4DF0-88EC-E82AF5AEEC39}.Release|Any CPU.Build.0 = Release|Any CPU
	EndGlobalSection
EndGlobal
